
Microsoft Visual Studio Solution File, Format Version 12.00
# Visual Studio Version 16
VisualStudioVersion = 16.0.30611.23
MinimumVisualStudioVersion = 10.0.40219.1
Project("{FAE04EC0-301F-11D3-BF4B-00C04F79EFBC}") = "Calc1.0", "Calc1.0\Calc1.0.csproj", "{A33DDF7F-BCEF-456F-B7F1-434050449D06}"
EndProject
Project("{FAE04EC0-301F-11D3-BF4B-00C04F79EFBC}") = "Operazioni", "Operazioni\Operazioni.csproj", "{3AAF000B-1581-40A3-8A87-B6A541B0E478}"
EndProject
Global
	GlobalSection(SolutionConfigurationPlatforms) = preSolution
		Debug|Any CPU = Debug|Any CPU
		Release|Any CPU = Release|Any CPU
	EndGlobalSection
	GlobalSection(ProjectConfigurationPlatforms) = postSolution
		{A33DDF7F-BCEF-456F-B7F1-434050449D06}.Debug|Any CPU.ActiveCfg = Debug|Any CPU
		{A33DDF7F-BCEF-456F-B7F1-434050449D06}.Debug|Any CPU.Build.0 = Debug|Any CPU
		{A33DDF7F-BCEF-456F-B7F1-434050449D06}.Release|Any CPU.ActiveCfg = Release|Any CPU
		{A33DDF7F-BCEF-456F-B7F1-434050449D06}.Release|Any CPU.Build.0 = Release|Any CPU
		{3AAF000B-1581-40A3-8A87-B6A541B0E478}.Debug|Any CPU.ActiveCfg = Debug|Any CPU
		{3AAF000B-1581-40A3-8A87-B6A541B0E478}.Debug|Any CPU.Build.0 = Debug|Any CPU
		{3AAF000B-1581-40A3-8A87-B6A541B0E478}.Release|Any CPU.ActiveCfg = Release|Any CPU
		{3AAF000B-1581-40A3-8A87-B6A541B0E478}.Release|Any CPU.Build.0 = Release|Any CPU
	EndGlobalSection
	GlobalSection(SolutionProperties) = preSolution
		HideSolutionNode = FALSE
	EndGlobalSection
	GlobalSection(ExtensibilityGlobals) = postSolution
		SolutionGuid = {679E4054-C6F2-4B7E-B508-F243E888057C}
	EndGlobalSection
EndGlobal
